
Microsoft Visual Studio Solution File, Format Version 12.00
# Visual Studio Version 17
VisualStudioVersion = 17.0.32014.148
MinimumVisualStudioVersion = 10.0.40219.1
Project("{9A19103F-16F7-4668-BE54-9A1E7A4F7556}") = "MasterProject.SharedKernel", "MasterProject.SharedKernel.csproj", "{B0EA81AC-2E36-4BCD-B7ED-70D4CEFEF521}"
EndProject
Global
	GlobalSection(SolutionConfigurationPlatforms) = preSolution
		Debug|Any CPU = Debug|Any CPU
		Release|Any CPU = Release|Any CPU
	EndGlobalSection
	GlobalSection(ProjectConfigurationPlatforms) = postSolution
		{B0EA81AC-2E36-4BCD-B7ED-70D4CEFEF521}.Debug|Any CPU.ActiveCfg = Debug|Any CPU
		{B0EA81AC-2E36-4BCD-B7ED-70D4CEFEF521}.Debug|Any CPU.Build.0 = Debug|Any CPU
		{B0EA81AC-2E36-4BCD-B7ED-70D4CEFEF521}.Release|Any CPU.ActiveCfg = Release|Any CPU
		{B0EA81AC-2E36-4BCD-B7ED-70D4CEFEF521}.Release|Any CPU.Build.0 = Release|Any CPU
	EndGlobalSection
	GlobalSection(SolutionProperties) = preSolution
		HideSolutionNode = FALSE
	EndGlobalSection
	GlobalSection(ExtensibilityGlobals) = postSolution
		SolutionGuid = {D2F04DDF-7617-4B63-92B7-B3264B9D54C5}
	EndGlobalSection
EndGlobal
